// Bun lockfile — text JSONC format (Bun 1.2+).
// Generated by Bun v1.2.x.  Edit with care.
//
// SCOPED REGISTRY ROUTING NOTES:
//   bunfig.toml [install.scopes] routes @myorg/* to https://npm.example.com/
//   bunfig.toml [install] default registry is https://registry.npmjs.org
//
//   @myorg/private-utils@1.0.0 — resolved from https://npm.example.com/
//     This is a stub package; npm.example.com is a fictional private registry.
//     The lockfile entry uses a placeholder integrity hash and empty deps.
//     Shape under test: Mend must read bunfig.toml to discover the scoped
//     registry and emit source: "private-index" for this package.
//
//   hono@4.12.18 — resolved from https://registry.npmjs.org (default)
//     Control package: must report source: "registry", NOT "private-index".
//     Failure mode: Mend routes ALL packages through the scoped registry
//     (reads @myorg scope rule too broadly).
//
// KEY INVARIANT:
//   If Mend does NOT read bunfig.toml, both packages fall back to
//   source: "registry".  That is the primary failure mode this probe
//   is designed to expose.
{
  "lockfileVersion": 1,

  // workspaces: root-only project (no monorepo members).
  "workspaces": {
    "": {
      "name": "bun-bunfig-scoped-registry-probe",
      "dependencies": {
        // Scoped dep — resolved via [install.scopes] "@myorg" in bunfig.toml.
        // Registry: https://npm.example.com/
        "@myorg/private-utils": "^1.0.0",
        // Default dep — resolved via [install] registry in bunfig.toml.
        // Registry: https://registry.npmjs.org
        "hono": "^4.12.0",
      },
    },
  },

  // packages: resolved entries.
  // Tuple format: ["name@version", { metadata }, "integrity-hash"]
  "packages": {

    // SCOPED PACKAGE — served by private registry (npm.example.com).
    // Integrity hash is a placeholder: this package does not exist on
    // the public npm registry. The lockfile shape is what matters for
    // the Mend parser test, not whether the package is reachable.
    // Expected Mend output: source: "private-index",
    //   source_detail.registry: "https://npm.example.com/"
    "@myorg/private-utils": ["@myorg/private-utils@1.0.0", {}, "sha512-PLACEHOLDER000000000000000000000000000000000000000000000000000000000000000000000000=="],

    // DEFAULT REGISTRY PACKAGE — served by registry.npmjs.org.
    // hono has no runtime dependencies (all utilities are bundled).
    // Expected Mend output: source: "registry",
    //   source_detail.registry: "https://registry.npmjs.org"
    "hono": ["hono@4.12.18", {}, "sha512-lDa6dTVuCMoAsT64WBnFLGjblc/HqhgKh9RiT8H9qCRmajAHYTNcv7ICfZFHcYCZODlJEUqKIl0O7sVGz0Bw=="],
  },
}